# This file is autogenerated, do not edit; changes may be undone by the next 'dep ensure'.


[[projects]]
  name = "github.com/go-ozzo/ozzo-routing"
  packages = [".","access","content","fault","slash"]
  revision = "bd886380e6a7fe8d842c68b595fadae2dcc3bee8"
  version = "v2.1.3"

[[projects]]
  branch = "master"
  name = "github.com/golang/gddo"
  packages = ["httputil/header"]
  revision = "1e2b1a1a6d3c94c05649b18c231b6959046f69b0"

[[projects]]
  name = "github.com/h2non/filetype"
  packages = ["."]
  revision = "22e255079ab40241c671d457081831d972f0436b"
  version = "v1.0.3"

[[projects]]
  name = "gopkg.in/h2non/filetype.v1"
  packages = ["matchers","types"]
  revision = "22e255079ab40241c671d457081831d972f0436b"
  version = "v1.0.3"

[solve-meta]
  analyzer-name = "dep"
  analyzer-version = 1
  inputs-digest = "34b3c94f62b6661d083366113f14941fd5c2e79e8d34dc839b15afd2cba0b4cd"
  solver-name = "gps-cdcl"
  solver-version = 1
